Microsoft Visual Studio Solution File, Format Version 12.00
# Visual Studio Version 17
VisualStudioVersion = 17.5.2.0
MinimumVisualStudioVersion = 10.0.40219.1
Project("{FAE04EC0-301F-11D3-BF4B-00C04F79EFBC}") = "SemanticVersioning", "SemanticVersioning.csproj", "{6A18280F-6506-A362-1FB0-C872AFE9F347}"
EndProject
Global
	GlobalSection(SolutionConfigurationPlatforms) = preSolution
		Debug|Any CPU = Debug|Any CPU
		Release|Any CPU = Release|Any CPU
	EndGlobalSection
	GlobalSection(ProjectConfigurationPlatforms) = postSolution
		{6A18280F-6506-A362-1FB0-C872AFE9F347}.Debug|Any CPU.ActiveCfg = Debug|Any CPU
		{6A18280F-6506-A362-1FB0-C872AFE9F347}.Debug|Any CPU.Build.0 = Debug|Any CPU
		{6A18280F-6506-A362-1FB0-C872AFE9F347}.Release|Any CPU.ActiveCfg = Release|Any CPU
		{6A18280F-6506-A362-1FB0-C872AFE9F347}.Release|Any CPU.Build.0 = Release|Any CPU
	EndGlobalSection
	GlobalSection(SolutionProperties) = preSolution
		HideSolutionNode = FALSE
	EndGlobalSection
	GlobalSection(ExtensibilityGlobals) = postSolution
		SolutionGuid = {76C05E45-6365-4853-AF86-6957D36CF90F}
	EndGlobalSection
EndGlobal
